// !$*UTF8*$!
{
	archiveVersion = 1;
	classes = {
	};
	objectVersion = 56;
	objects = {

/* Begin PBXBuildFile section */
		2B255BDF2D5FC18900E6C1B3 /* ChineseNameSuggApp.swift in Sources */ = {isa = PBXBuildFile; fileRef = 2B255BDE2D5FC18900E6C1B3 /* ChineseNameSuggApp.swift */; };
		2B255BE12D5FC18900E6C1B3 /* Persistence.swift in Sources */ = {isa = PBXBuildFile; fileRef = 2B255BE02D5FC18900E6C1B3 /* Persistence.swift */; };
		2B255BE42D5FC18900E6C1B3 /* ChineseNameSugg.xcdatamodeld in Sources */ = {isa = PBXBuildFile; fileRef = 2B255BE22D5FC18900E6C1B3 /* ChineseNameSugg.xcdatamodeld */; };
		2B255BE62D5FC18900E6C1B3 /* ContentView.swift in Sources */ = {isa = PBXBuildFile; fileRef = 2B255BE52D5FC18900E6C1B3 /* ContentView.swift */; };
		2B255BE82D5FC18B00E6C1B3 /* Assets.xcassets in Resources */ = {isa = PBXBuildFile; fileRef = 2B255BE72D5FC18B00E6C1B3 /* Assets.xcassets */; };
		2B255BEC2D5FC18B00E6C1B3 /* Preview Assets.xcassets in Resources */ = {isa = PBXBuildFile; fileRef = 2B255BEB2D5FC18B00E6C1B3 /* Preview Assets.xcassets */; };
		2B255BF62D5FC18C00E6C1B3 /* ChineseNameSuggTests.swift in Sources */ = {isa = PBXBuildFile; fileRef = 2B255BF52D5FC18C00E6C1B3 /* ChineseNameSuggTests.swift */; };
		2B255C002D5FC18C00E6C1B3 /* ChineseNameSuggUITests.swift in Sources */ = {isa = PBXBuildFile; fileRef = 2B255BFF2D5FC18C00E6C1B3 /* ChineseNameSuggUITests.swift */; };
		2B255C022D5FC18C00E6C1B3 /* ChineseNameSuggUITestsLaunchTests.swift in Sources */ = {isa = PBXBuildFile; fileRef = 2B255C012D5FC18C00E6C1B3 /* ChineseNameSuggUITestsLaunchTests.swift */; };
		2B255C132D5FC6E600E6C1B3 /* NameGeneratorView.swift in Sources */ = {isa = PBXBuildFile; fileRef = 2B255C122D5FC6E600E6C1B3 /* NameGeneratorView.swift */; };
		2B255C172D5FC70A00E6C1B3 /* ZiResponse.swift in Sources */ = {isa = PBXBuildFile; fileRef = 2B255C142D5FC70A00E6C1B3 /* ZiResponse.swift */; };
		2B255C182D5FC70A00E6C1B3 /* HaoResponse.swift in Sources */ = {isa = PBXBuildFile; fileRef = 2B255C152D5FC70A00E6C1B3 /* HaoResponse.swift */; };
		2B255C192D5FC70A00E6C1B3 /* NameResponse.swift in Sources */ = {isa = PBXBuildFile; fileRef = 2B255C162D5FC70A00E6C1B3 /* NameResponse.swift */; };
		2B255C1C2D5FC71900E6C1B3 /* LLMService.swift in Sources */ = {isa = PBXBuildFile; fileRef = 2B255C1A2D5FC71900E6C1B3 /* LLMService.swift */; };
		2B255C1D2D5FC71900E6C1B3 /* DocumentParser.swift in Sources */ = {isa = PBXBuildFile; fileRef = 2B255C1B2D5FC71900E6C1B3 /* DocumentParser.swift */; };
		2B255C202D5FC7B000E6C1B3 /* ZiGeneratorView.swift in Sources */ = {isa = PBXBuildFile; fileRef = 2B255C1E2D5FC7B000E6C1B3 /* ZiGeneratorView.swift */; };
		2B255C212D5FC7B000E6C1B3 /* HaoGeneratorView.swift in Sources */ = {isa = PBXBuildFile; fileRef = 2B255C1F2D5FC7B000E6C1B3 /* HaoGeneratorView.swift */; };
		2B255C242D5FCE0900E6C1B3 /* ResultView.swift in Sources */ = {isa = PBXBuildFile; fileRef = 2B255C232D5FCE0900E6C1B3 /* ResultView.swift */; };
/* End PBXBuildFile section */

/* Begin PBXContainerItemProxy section */
		2B255BF22D5FC18C00E6C1B3 /* PBXContainerItemProxy */ = {
			isa = PBXContainerItemProxy;
			containerPortal = 2B255BD32D5FC18900E6C1B3 /* Project object */;
			proxyType = 1;
			remoteGlobalIDString = 2B255BDA2D5FC18900E6C1B3;
			remoteInfo = ChineseNameSugg;
		};
		2B255BFC2D5FC18C00E6C1B3 /* PBXContainerItemProxy */ = {
			isa = PBXContainerItemProxy;
			containerPortal = 2B255BD32D5FC18900E6C1B3 /* Project object */;
			proxyType = 1;
			remoteGlobalIDString = 2B255BDA2D5FC18900E6C1B3;
			remoteInfo = ChineseNameSugg;
		};
/* End PBXContainerItemProxy section */

/* Begin PBXFileReference section */
		2B255BDB2D5FC18900E6C1B3 /* ChineseNameSugg.app */ = {isa = PBXFileReference; explicitFileType = wrapper.application; includeInIndex = 0; path = ChineseNameSugg.app; sourceTree = BUILT_PRODUCTS_DIR; };
		2B255BDE2D5FC18900E6C1B3 /* ChineseNameSuggApp.swift */ = {isa = PBXFileReference; lastKnownFileType = sourcecode.swift; path = ChineseNameSuggApp.swift; sourceTree = "<group>"; };
		2B255BE02D5FC18900E6C1B3 /* Persistence.swift */ = {isa = PBXFileReference; lastKnownFileType = sourcecode.swift; path = Persistence.swift; sourceTree = "<group>"; };
		2B255BE32D5FC18900E6C1B3 /* ChineseNameSugg.xcdatamodel */ = {isa = PBXFileReference; lastKnownFileType = wrapper.xcdatamodel; path = ChineseNameSugg.xcdatamodel; sourceTree = "<group>"; };
		2B255BE52D5FC18900E6C1B3 /* ContentView.swift */ = {isa = PBXFileReference; lastKnownFileType = sourcecode.swift; path = ContentView.swift; sourceTree = "<group>"; };
		2B255BE72D5FC18B00E6C1B3 /* Assets.xcassets */ = {isa = PBXFileReference; lastKnownFileType = folder.assetcatalog; path = Assets.xcassets; sourceTree = "<group>"; };
		2B255BE92D5FC18B00E6C1B3 /* ChineseNameSugg.entitlements */ = {isa = PBXFileReference; lastKnownFileType = text.plist.entitlements; path = ChineseNameSugg.entitlements; sourceTree = "<group>"; };
		2B255BEB2D5FC18B00E6C1B3 /* Preview Assets.xcassets */ = {isa = PBXFileReference; lastKnownFileType = folder.assetcatalog; path = "Preview Assets.xcassets"; sourceTree = "<group>"; };
		2B255BF12D5FC18C00E6C1B3 /* ChineseNameSuggTests.xctest */ = {isa = PBXFileReference; explicitFileType = wrapper.cfbundle; includeInIndex = 0; path = ChineseNameSuggTests.xctest; sourceTree = BUILT_PRODUCTS_DIR; };
		2B255BF52D5FC18C00E6C1B3 /* ChineseNameSuggTests.swift */ = {isa = PBXFileReference; lastKnownFileType = sourcecode.swift; path = ChineseNameSuggTests.swift; sourceTree = "<group>"; };
		2B255BFB2D5FC18C00E6C1B3 /* ChineseNameSuggUITests.xctest */ = {isa = PBXFileReference; explicitFileType = wrapper.cfbundle; includeInIndex = 0; path = ChineseNameSuggUITests.xctest; sourceTree = BUILT_PRODUCTS_DIR; };
		2B255BFF2D5FC18C00E6C1B3 /* ChineseNameSuggUITests.swift */ = {isa = PBXFileReference; lastKnownFileType = sourcecode.swift; path = ChineseNameSuggUITests.swift; sourceTree = "<group>"; };
		2B255C012D5FC18C00E6C1B3 /* ChineseNameSuggUITestsLaunchTests.swift */ = {isa = PBXFileReference; lastKnownFileType = sourcecode.swift; path = ChineseNameSuggUITestsLaunchTests.swift; sourceTree = "<group>"; };
		2B255C122D5FC6E600E6C1B3 /* NameGeneratorView.swift */ = {isa = PBXFileReference; fileEncoding = 4; lastKnownFileType = sourcecode.swift; path = NameGeneratorView.swift; sourceTree = "<group>"; };
		2B255C142D5FC70A00E6C1B3 /* ZiResponse.swift */ = {isa = PBXFileReference; fileEncoding = 4; lastKnownFileType = sourcecode.swift; path = ZiResponse.swift; sourceTree = "<group>"; };
		2B255C152D5FC70A00E6C1B3 /* HaoResponse.swift */ = {isa = PBXFileReference; fileEncoding = 4; lastKnownFileType = sourcecode.swift; path = HaoResponse.swift; sourceTree = "<group>"; };
		2B255C162D5FC70A00E6C1B3 /* NameResponse.swift */ = {isa = PBXFileReference; fileEncoding = 4; lastKnownFileType = sourcecode.swift; path = NameResponse.swift; sourceTree = "<group>"; };
		2B255C1A2D5FC71900E6C1B3 /* LLMService.swift */ = {isa = PBXFileReference; fileEncoding = 4; lastKnownFileType = sourcecode.swift; path = LLMService.swift; sourceTree = "<group>"; };
		2B255C1B2D5FC71900E6C1B3 /* DocumentParser.swift */ = {isa = PBXFileReference; fileEncoding = 4; lastKnownFileType = sourcecode.swift; path = DocumentParser.swift; sourceTree = "<group>"; };
		2B255C1E2D5FC7B000E6C1B3 /* ZiGeneratorView.swift */ = {isa = PBXFileReference; fileEncoding = 4; lastKnownFileType = sourcecode.swift; path = ZiGeneratorView.swift; sourceTree = "<group>"; };
		2B255C1F2D5FC7B000E6C1B3 /* HaoGeneratorView.swift */ = {isa = PBXFileReference; fileEncoding = 4; lastKnownFileType = sourcecode.swift; path = HaoGeneratorView.swift; sourceTree = "<group>"; };
		2B255C222D5FCCAE00E6C1B3 /* Info.plist */ = {isa = PBXFileReference; lastKnownFileType = text.plist; path = Info.plist; sourceTree = "<group>"; };
		2B255C232D5FCE0900E6C1B3 /* ResultView.swift */ = {isa = PBXFileReference; lastKnownFileType = sourcecode.swift; path = ResultView.swift; sourceTree = "<group>"; };
/* End PBXFileReference section */

/* Begin PBXFrameworksBuildPhase section */
		2B255BD82D5FC18900E6C1B3 /* Frameworks */ = {
			isa = PBXFrameworksBuildPhase;
			buildActionMask = 2147483647;
			files = (
			);
			runOnlyForDeploymentPostprocessing = 0;
		};
		2B255BEE2D5FC18C00E6C1B3 /* Frameworks */ = {
			isa = PBXFrameworksBuildPhase;
			buildActionMask = 2147483647;
			files = (
			);
			runOnlyForDeploymentPostprocessing = 0;
		};
		2B255BF82D5FC18C00E6C1B3 /* Frameworks */ = {
			isa = PBXFrameworksBuildPhase;
			buildActionMask = 2147483647;
			files = (
			);
			runOnlyForDeploymentPostprocessing = 0;
		};
/* End PBXFrameworksBuildPhase section */

/* Begin PBXGroup section */
		2B255BD22D5FC18900E6C1B3 = {
			isa = PBXGroup;
			children = (
				2B255BDD2D5FC18900E6C1B3 /* ChineseNameSugg */,
				2B255BF42D5FC18C00E6C1B3 /* ChineseNameSuggTests */,
				2B255BFE2D5FC18C00E6C1B3 /* ChineseNameSuggUITests */,
				2B255BDC2D5FC18900E6C1B3 /* Products */,
			);
			sourceTree = "<group>";
		};
		2B255BDC2D5FC18900E6C1B3 /* Products */ = {
			isa = PBXGroup;
			children = (
				2B255BDB2D5FC18900E6C1B3 /* ChineseNameSugg.app */,
				2B255BF12D5FC18C00E6C1B3 /* ChineseNameSuggTests.xctest */,
				2B255BFB2D5FC18C00E6C1B3 /* ChineseNameSuggUITests.xctest */,
			);
			name = Products;
			sourceTree = "<group>";
		};
		2B255BDD2D5FC18900E6C1B3 /* ChineseNameSugg */ = {
			isa = PBXGroup;
			children = (
				2B255C222D5FCCAE00E6C1B3 /* Info.plist */,
				2B255C112D5FC45100E6C1B3 /* Utils */,
				2B255C102D5FC44500E6C1B3 /* Services */,
				2B255C0F2D5FC43E00E6C1B3 /* Views */,
				2B255C0E2D5FC42D00E6C1B3 /* Models */,
				2B255BDE2D5FC18900E6C1B3 /* ChineseNameSuggApp.swift */,
				2B255BE02D5FC18900E6C1B3 /* Persistence.swift */,
				2B255BE72D5FC18B00E6C1B3 /* Assets.xcassets */,
				2B255BE92D5FC18B00E6C1B3 /* ChineseNameSugg.entitlements */,
				2B255BE22D5FC18900E6C1B3 /* ChineseNameSugg.xcdatamodeld */,
				2B255BEA2D5FC18B00E6C1B3 /* Preview Content */,
			);
			path = ChineseNameSugg;
			sourceTree = "<group>";
		};
		2B255BEA2D5FC18B00E6C1B3 /* Preview Content */ = {
			isa = PBXGroup;
			children = (
				2B255BEB2D5FC18B00E6C1B3 /* Preview Assets.xcassets */,
			);
			path = "Preview Content";
			sourceTree = "<group>";
		};
		2B255BF42D5FC18C00E6C1B3 /* ChineseNameSuggTests */ = {
			isa = PBXGroup;
			children = (
				2B255BF52D5FC18C00E6C1B3 /* ChineseNameSuggTests.swift */,
			);
			path = ChineseNameSuggTests;
			sourceTree = "<group>";
		};
		2B255BFE2D5FC18C00E6C1B3 /* ChineseNameSuggUITests */ = {
			isa = PBXGroup;
			children = (
				2B255BFF2D5FC18C00E6C1B3 /* ChineseNameSuggUITests.swift */,
				2B255C012D5FC18C00E6C1B3 /* ChineseNameSuggUITestsLaunchTests.swift */,
			);
			path = ChineseNameSuggUITests;
			sourceTree = "<group>";
		};
		2B255C0E2D5FC42D00E6C1B3 /* Models */ = {
			isa = PBXGroup;
			children = (
				2B255C152D5FC70A00E6C1B3 /* HaoResponse.swift */,
				2B255C162D5FC70A00E6C1B3 /* NameResponse.swift */,
				2B255C142D5FC70A00E6C1B3 /* ZiResponse.swift */,
			);
			path = Models;
			sourceTree = "<group>";
		};
		2B255C0F2D5FC43E00E6C1B3 /* Views */ = {
			isa = PBXGroup;
			children = (
				2B255C1F2D5FC7B000E6C1B3 /* HaoGeneratorView.swift */,
				2B255C1E2D5FC7B000E6C1B3 /* ZiGeneratorView.swift */,
				2B255C122D5FC6E600E6C1B3 /* NameGeneratorView.swift */,
				2B255BE52D5FC18900E6C1B3 /* ContentView.swift */,
				2B255C232D5FCE0900E6C1B3 /* ResultView.swift */,
			);
			path = Views;
			sourceTree = "<group>";
		};
		2B255C102D5FC44500E6C1B3 /* Services */ = {
			isa = PBXGroup;
			children = (
				2B255C1B2D5FC71900E6C1B3 /* DocumentParser.swift */,
				2B255C1A2D5FC71900E6C1B3 /* LLMService.swift */,
			);
			path = Services;
			sourceTree = "<group>";
		};
		2B255C112D5FC45100E6C1B3 /* Utils */ = {
			isa = PBXGroup;
			children = (
			);
			path = Utils;
			sourceTree = "<group>";
		};
/* End PBXGroup section */

/* Begin PBXNativeTarget section */
		2B255BDA2D5FC18900E6C1B3 /* ChineseNameSugg */ = {
			isa = PBXNativeTarget;
			buildConfigurationList = 2B255C052D5FC18C00E6C1B3 /* Build configuration list for PBXNativeTarget "ChineseNameSugg" */;
			buildPhases = (
				2B255BD72D5FC18900E6C1B3 /* Sources */,
				2B255BD82D5FC18900E6C1B3 /* Frameworks */,
				2B255BD92D5FC18900E6C1B3 /* Resources */,
			);
			buildRules = (
			);
			dependencies = (
			);
			name = ChineseNameSugg;
			productName = ChineseNameSugg;
			productReference = 2B255BDB2D5FC18900E6C1B3 /* ChineseNameSugg.app */;
			productType = "com.apple.product-type.application";
		};
		2B255BF02D5FC18C00E6C1B3 /* ChineseNameSuggTests */ = {
			isa = PBXNativeTarget;
			buildConfigurationList = 2B255C082D5FC18C00E6C1B3 /* Build configuration list for PBXNativeTarget "ChineseNameSuggTests" */;
			buildPhases = (
				2B255BED2D5FC18C00E6C1B3 /* Sources */,
				2B255BEE2D5FC18C00E6C1B3 /* Frameworks */,
				2B255BEF2D5FC18C00E6C1B3 /* Resources */,
			);
			buildRules = (
			);
			dependencies = (
				2B255BF32D5FC18C00E6C1B3 /* PBXTargetDependency */,
			);
			name = ChineseNameSuggTests;
			productName = ChineseNameSuggTests;
			productReference = 2B255BF12D5FC18C00E6C1B3 /* ChineseNameSuggTests.xctest */;
			productType = "com.apple.product-type.bundle.unit-test";
		};
		2B255BFA2D5FC18C00E6C1B3 /* ChineseNameSuggUITests */ = {
			isa = PBXNativeTarget;
			buildConfigurationList = 2B255C0B2D5FC18C00E6C1B3 /* Build configuration list for PBXNativeTarget "ChineseNameSuggUITests" */;
			buildPhases = (
				2B255BF72D5FC18C00E6C1B3 /* Sources */,
				2B255BF82D5FC18C00E6C1B3 /* Frameworks */,
				2B255BF92D5FC18C00E6C1B3 /* Resources */,
			);
			buildRules = (
			);
			dependencies = (
				2B255BFD2D5FC18C00E6C1B3 /* PBXTargetDependency */,
			);
			name = ChineseNameSuggUITests;
			productName = ChineseNameSuggUITests;
			productReference = 2B255BFB2D5FC18C00E6C1B3 /* ChineseNameSuggUITests.xctest */;
			productType = "com.apple.product-type.bundle.ui-testing";
		};
/* End PBXNativeTarget section */

/* Begin PBXProject section */
		2B255BD32D5FC18900E6C1B3 /* Project object */ = {
			isa = PBXProject;
			attributes = {
				BuildIndependentTargetsInParallel = 1;
				LastSwiftUpdateCheck = 1520;
				LastUpgradeCheck = 1520;
				TargetAttributes = {
					2B255BDA2D5FC18900E6C1B3 = {
						CreatedOnToolsVersion = 15.2;
					};
					2B255BF02D5FC18C00E6C1B3 = {
						CreatedOnToolsVersion = 15.2;
						TestTargetID = 2B255BDA2D5FC18900E6C1B3;
					};
					2B255BFA2D5FC18C00E6C1B3 = {
						CreatedOnToolsVersion = 15.2;
						TestTargetID = 2B255BDA2D5FC18900E6C1B3;
					};
				};
			};
			buildConfigurationList = 2B255BD62D5FC18900E6C1B3 /* Build configuration list for PBXProject "ChineseNameSugg" */;
			compatibilityVersion = "Xcode 14.0";
			developmentRegion = en;
			hasScannedForEncodings = 0;
			knownRegions = (
				en,
				Base,
			);
			mainGroup = 2B255BD22D5FC18900E6C1B3;
			productRefGroup = 2B255BDC2D5FC18900E6C1B3 /* Products */;
			projectDirPath = "";
			projectRoot = "";
			targets = (
				2B255BDA2D5FC18900E6C1B3 /* ChineseNameSugg */,
				2B255BF02D5FC18C00E6C1B3 /* ChineseNameSuggTests */,
				2B255BFA2D5FC18C00E6C1B3 /* ChineseNameSuggUITests */,
			);
		};
/* End PBXProject section */

/* Begin PBXResourcesBuildPhase section */
		2B255BD92D5FC18900E6C1B3 /* Resources */ = {
			isa = PBXResourcesBuildPhase;
			buildActionMask = 2147483647;
			files = (
				2B255BEC2D5FC18B00E6C1B3 /* Preview Assets.xcassets in Resources */,
				2B255BE82D5FC18B00E6C1B3 /* Assets.xcassets in Resources */,
			);
			runOnlyForDeploymentPostprocessing = 0;
		};
		2B255BEF2D5FC18C00E6C1B3 /* Resources */ = {
			isa = PBXResourcesBuildPhase;
			buildActionMask = 2147483647;
			files = (
			);
			runOnlyForDeploymentPostprocessing = 0;
		};
		2B255BF92D5FC18C00E6C1B3 /* Resources */ = {
			isa = PBXResourcesBuildPhase;
			buildActionMask = 2147483647;
			files = (
			);
			runOnlyForDeploymentPostprocessing = 0;
		};
/* End PBXResourcesBuildPhase section */

/* Begin PBXSourcesBuildPhase section */
		2B255BD72D5FC18900E6C1B3 /* Sources */ = {
			isa = PBXSourcesBuildPhase;
			buildActionMask = 2147483647;
			files = (
				2B255BDF2D5FC18900E6C1B3 /* ChineseNameSuggApp.swift in Sources */,
				2B255BE12D5FC18900E6C1B3 /* Persistence.swift in Sources */,
				2B255BE62D5FC18900E6C1B3 /* ContentView.swift in Sources */,
				2B255C212D5FC7B000E6C1B3 /* HaoGeneratorView.swift in Sources */,
				2B255C182D5FC70A00E6C1B3 /* HaoResponse.swift in Sources */,
				2B255C202D5FC7B000E6C1B3 /* ZiGeneratorView.swift in Sources */,
				2B255BE42D5FC18900E6C1B3 /* ChineseNameSugg.xcdatamodeld in Sources */,
				2B255C242D5FCE0900E6C1B3 /* ResultView.swift in Sources */,
				2B255C1D2D5FC71900E6C1B3 /* DocumentParser.swift in Sources */,
				2B255C1C2D5FC71900E6C1B3 /* LLMService.swift in Sources */,
				2B255C192D5FC70A00E6C1B3 /* NameResponse.swift in Sources */,
				2B255C132D5FC6E600E6C1B3 /* NameGeneratorView.swift in Sources */,
				2B255C172D5FC70A00E6C1B3 /* ZiResponse.swift in Sources */,
			);
			runOnlyForDeploymentPostprocessing = 0;
		};
		2B255BED2D5FC18C00E6C1B3 /* Sources */ = {
			isa = PBXSourcesBuildPhase;
			buildActionMask = 2147483647;
			files = (
				2B255BF62D5FC18C00E6C1B3 /* ChineseNameSuggTests.swift in Sources */,
			);
			runOnlyForDeploymentPostprocessing = 0;
		};
		2B255BF72D5FC18C00E6C1B3 /* Sources */ = {
			isa = PBXSourcesBuildPhase;
			buildActionMask = 2147483647;
			files = (
				2B255C002D5FC18C00E6C1B3 /* ChineseNameSuggUITests.swift in Sources */,
				2B255C022D5FC18C00E6C1B3 /* ChineseNameSuggUITestsLaunchTests.swift in Sources */,
			);
			runOnlyForDeploymentPostprocessing = 0;
		};
/* End PBXSourcesBuildPhase section */

/* Begin PBXTargetDependency section */
		2B255BF32D5FC18C00E6C1B3 /* PBXTargetDependency */ = {
			isa = PBXTargetDependency;
			target = 2B255BDA2D5FC18900E6C1B3 /* ChineseNameSugg */;
			targetProxy = 2B255BF22D5FC18C00E6C1B3 /* PBXContainerItemProxy */;
		};
		2B255BFD2D5FC18C00E6C1B3 /* PBXTargetDependency */ = {
			isa = PBXTargetDependency;
			target = 2B255BDA2D5FC18900E6C1B3 /* ChineseNameSugg */;
			targetProxy = 2B255BFC2D5FC18C00E6C1B3 /* PBXContainerItemProxy */;
		};
/* End PBXTargetDependency section */

/* Begin XCBuildConfiguration section */
		2B255C032D5FC18C00E6C1B3 /* Debug */ = {
			isa = XCBuildConfiguration;
			buildSettings = {
				ALWAYS_SEARCH_USER_PATHS = NO;
				ASSETCATALOG_COMPILER_GENERATE_SWIFT_ASSET_SYMBOL_EXTENSIONS = YES;
				CLANG_ANALYZER_NONNULL = YES;
				CLANG_ANALYZER_NUMBER_OBJECT_CONVERSION = YES_AGGRESSIVE;
				CLANG_CXX_LANGUAGE_STANDARD = "gnu++20";
				CLANG_ENABLE_MODULES = YES;
				CLANG_ENABLE_OBJC_ARC = YES;
				CLANG_ENABLE_OBJC_WEAK = YES;
				CLANG_WARN_BLOCK_CAPTURE_AUTORELEASING = YES;
				CLANG_WARN_BOOL_CONVERSION = YES;
				CLANG_WARN_COMMA = YES;
				CLANG_WARN_CONSTANT_CONVERSION = YES;
				CLANG_WARN_DEPRECATED_OBJC_IMPLEMENTATIONS = YES;
				CLANG_WARN_DIRECT_OBJC_ISA_USAGE = YES_ERROR;
				CLANG_WARN_DOCUMENTATION_COMMENTS = YES;
				CLANG_WARN_EMPTY_BODY = YES;
				CLANG_WARN_ENUM_CONVERSION = YES;
				CLANG_WARN_INFINITE_RECURSION = YES;
				CLANG_WARN_INT_CONVERSION = YES;
				CLANG_WARN_NON_LITERAL_NULL_CONVERSION = YES;
				CLANG_WARN_OBJC_IMPLICIT_RETAIN_SELF = YES;
				CLANG_WARN_OBJC_LITERAL_CONVERSION = YES;
				CLANG_WARN_OBJC_ROOT_CLASS = YES_ERROR;
				CLANG_WARN_QUOTED_INCLUDE_IN_FRAMEWORK_HEADER = YES;
				CLANG_WARN_RANGE_LOOP_ANALYSIS = YES;
				CLANG_WARN_STRICT_PROTOTYPES = YES;
				CLANG_WARN_SUSPICIOUS_MOVE = YES;
				CLANG_WARN_UNGUARDED_AVAILABILITY = YES_AGGRESSIVE;
				CLANG_WARN_UNREACHABLE_CODE = YES;
				CLANG_WARN__DUPLICATE_METHOD_MATCH = YES;
				COPY_PHASE_STRIP = NO;
				DEBUG_INFORMATION_FORMAT = dwarf;
				ENABLE_STRICT_OBJC_MSGSEND = YES;
				ENABLE_TESTABILITY = YES;
				ENABLE_USER_SCRIPT_SANDBOXING = YES;
				GCC_C_LANGUAGE_STANDARD = gnu17;
				GCC_DYNAMIC_NO_PIC = NO;
				GCC_NO_COMMON_BLOCKS = YES;
				GCC_OPTIMIZATION_LEVEL = 0;
				GCC_PREPROCESSOR_DEFINITIONS = (
					"DEBUG=1",
					"$(inherited)",
				);
				GCC_WARN_64_TO_32_BIT_CONVERSION = YES;
				GCC_WARN_ABOUT_RETURN_TYPE = YES_ERROR;
				GCC_WARN_UNDECLARED_SELECTOR = YES;
				GCC_WARN_UNINITIALIZED_AUTOS = YES_AGGRESSIVE;
				GCC_WARN_UNUSED_FUNCTION = YES;
				GCC_WARN_UNUSED_VARIABLE = YES;
				LOCALIZATION_PREFERS_STRING_CATALOGS = YES;
				MTL_ENABLE_DEBUG_INFO = INCLUDE_SOURCE;
				MTL_FAST_MATH = YES;
				ONLY_ACTIVE_ARCH = YES;
				SWIFT_ACTIVE_COMPILATION_CONDITIONS = "DEBUG $(inherited)";
				SWIFT_OPTIMIZATION_LEVEL = "-Onone";
			};
			name = Debug;
		};
		2B255C042D5FC18C00E6C1B3 /* Release */ = {
			isa = XCBuildConfiguration;
			buildSettings = {
				ALWAYS_SEARCH_USER_PATHS = NO;
				ASSETCATALOG_COMPILER_GENERATE_SWIFT_ASSET_SYMBOL_EXTENSIONS = YES;
				CLANG_ANALYZER_NONNULL = YES;
				CLANG_ANALYZER_NUMBER_OBJECT_CONVERSION = YES_AGGRESSIVE;
				CLANG_CXX_LANGUAGE_STANDARD = "gnu++20";
				CLANG_ENABLE_MODULES = YES;
				CLANG_ENABLE_OBJC_ARC = YES;
				CLANG_ENABLE_OBJC_WEAK = YES;
				CLANG_WARN_BLOCK_CAPTURE_AUTORELEASING = YES;
				CLANG_WARN_BOOL_CONVERSION = YES;
				CLANG_WARN_COMMA = YES;
				CLANG_WARN_CONSTANT_CONVERSION = YES;
				CLANG_WARN_DEPRECATED_OBJC_IMPLEMENTATIONS = YES;
				CLANG_WARN_DIRECT_OBJC_ISA_USAGE = YES_ERROR;
				CLANG_WARN_DOCUMENTATION_COMMENTS = YES;
				CLANG_WARN_EMPTY_BODY = YES;
				CLANG_WARN_ENUM_CONVERSION = YES;
				CLANG_WARN_INFINITE_RECURSION = YES;
				CLANG_WARN_INT_CONVERSION = YES;
				CLANG_WARN_NON_LITERAL_NULL_CONVERSION = YES;
				CLANG_WARN_OBJC_IMPLICIT_RETAIN_SELF = YES;
				CLANG_WARN_OBJC_LITERAL_CONVERSION = YES;
				CLANG_WARN_OBJC_ROOT_CLASS = YES_ERROR;
				CLANG_WARN_QUOTED_INCLUDE_IN_FRAMEWORK_HEADER = YES;
				CLANG_WARN_RANGE_LOOP_ANALYSIS = YES;
				CLANG_WARN_STRICT_PROTOTYPES = YES;
				CLANG_WARN_SUSPICIOUS_MOVE = YES;
				CLANG_WARN_UNGUARDED_AVAILABILITY = YES_AGGRESSIVE;
				CLANG_WARN_UNREACHABLE_CODE = YES;
				CLANG_WARN__DUPLICATE_METHOD_MATCH = YES;
				COPY_PHASE_STRIP = NO;
				DEBUG_INFORMATION_FORMAT = "dwarf-with-dsym";
				ENABLE_NS_ASSERTIONS = NO;
				ENABLE_STRICT_OBJC_MSGSEND = YES;
				ENABLE_USER_SCRIPT_SANDBOXING = YES;
				GCC_C_LANGUAGE_STANDARD = gnu17;
				GCC_NO_COMMON_BLOCKS = YES;
				GCC_WARN_64_TO_32_BIT_CONVERSION = YES;
				GCC_WARN_ABOUT_RETURN_TYPE = YES_ERROR;
				GCC_WARN_UNDECLARED_SELECTOR = YES;
				GCC_WARN_UNINITIALIZED_AUTOS = YES_AGGRESSIVE;
				GCC_WARN_UNUSED_FUNCTION = YES;
				GCC_WARN_UNUSED_VARIABLE = YES;
				LOCALIZATION_PREFERS_STRING_CATALOGS = YES;
				MTL_ENABLE_DEBUG_INFO = NO;
				MTL_FAST_MATH = YES;
				SWIFT_COMPILATION_MODE = wholemodule;
			};
			name = Release;
		};
		2B255C062D5FC18C00E6C1B3 /* Debug */ = {
			isa = XCBuildConfiguration;
			buildSettings = {
				ASSETCATALOG_COMPILER_APPICON_NAME = AppIcon;
				ASSETCATALOG_COMPILER_GLOBAL_ACCENT_COLOR_NAME = AccentColor;
				CODE_SIGN_ENTITLEMENTS = ChineseNameSugg/ChineseNameSugg.entitlements;
				CODE_SIGN_STYLE = Automatic;
				CURRENT_PROJECT_VERSION = 1;
				DEVELOPMENT_ASSET_PATHS = "\"ChineseNameSugg/Preview Content\"";
				DEVELOPMENT_TEAM = SM6LTK3255;
				ENABLE_HARDENED_RUNTIME = YES;
				ENABLE_PREVIEWS = YES;
				GENERATE_INFOPLIST_FILE = YES;
				INFOPLIST_FILE = ChineseNameSugg/Info.plist;
				"INFOPLIST_KEY_UIApplicationSceneManifest_Generation[sdk=iphoneos*]" = YES;
				"INFOPLIST_KEY_UIApplicationSceneManifest_Generation[sdk=iphonesimulator*]" = YES;
				"INFOPLIST_KEY_UIApplicationSupportsIndirectInputEvents[sdk=iphoneos*]" = YES;
				"INFOPLIST_KEY_UIApplicationSupportsIndirectInputEvents[sdk=iphonesimulator*]" = YES;
				"INFOPLIST_KEY_UILaunchScreen_Generation[sdk=iphoneos*]" = YES;
				"INFOPLIST_KEY_UILaunchScreen_Generation[sdk=iphonesimulator*]" = YES;
				"INFOPLIST_KEY_UIStatusBarStyle[sdk=iphoneos*]" = UIStatusBarStyleDefault;
				"INFOPLIST_KEY_UIStatusBarStyle[sdk=iphonesimulator*]" = UIStatusBarStyleDefault;
				INFOPLIST_KEY_UISupportedInterfaceOrientations_iPad = "UIInterfaceOrientationPortrait UIInterfaceOrientationPortraitUpsideDown UIInterfaceOrientationLandscapeLeft UIInterfaceOrientationLandscapeRight";
				INFOPLIST_KEY_UISupportedInterfaceOrientations_iPhone = "UIInterfaceOrientationPortrait UIInterfaceOrientationLandscapeLeft UIInterfaceOrientationLandscapeRight";
				IPHONEOS_DEPLOYMENT_TARGET = 17.2;
				LD_RUNPATH_SEARCH_PATHS = "@executable_path/Frameworks";
				"LD_RUNPATH_SEARCH_PATHS[sdk=macosx*]" = "@executable_path/../Frameworks";
				MACOSX_DEPLOYMENT_TARGET = 14.2;
				MARKETING_VERSION = 1.0;
				PRODUCT_BUNDLE_IDENTIFIER = Miaozhelin.ChineseNameSugg;
				PRODUCT_NAME = "$(TARGET_NAME)";
				SDKROOT = auto;
				SUPPORTED_PLATFORMS = "iphoneos iphonesimulator macosx";
				SWIFT_EMIT_LOC_STRINGS = YES;
				SWIFT_VERSION = 5.0;
				TARGETED_DEVICE_FAMILY = "1,2";
			};
			name = Debug;
		};
		2B255C072D5FC18C00E6C1B3 /* Release */ = {
			isa = XCBuildConfiguration;
			buildSettings = {
				ASSETCATALOG_COMPILER_APPICON_NAME = AppIcon;
				ASSETCATALOG_COMPILER_GLOBAL_ACCENT_COLOR_NAME = AccentColor;
				CODE_SIGN_ENTITLEMENTS = ChineseNameSugg/ChineseNameSugg.entitlements;
				CODE_SIGN_STYLE = Automatic;
				CURRENT_PROJECT_VERSION = 1;
				DEVELOPMENT_ASSET_PATHS = "\"ChineseNameSugg/Preview Content\"";
				DEVELOPMENT_TEAM = SM6LTK3255;
				ENABLE_HARDENED_RUNTIME = YES;
				ENABLE_PREVIEWS = YES;
				GENERATE_INFOPLIST_FILE = YES;
				INFOPLIST_FILE = ChineseNameSugg/Info.plist;
				"INFOPLIST_KEY_UIApplicationSceneManifest_Generation[sdk=iphoneos*]" = YES;
				"INFOPLIST_KEY_UIApplicationSceneManifest_Generation[sdk=iphonesimulator*]" = YES;
				"INFOPLIST_KEY_UIApplicationSupportsIndirectInputEvents[sdk=iphoneos*]" = YES;
				"INFOPLIST_KEY_UIApplicationSupportsIndirectInputEvents[sdk=iphonesimulator*]" = YES;
				"INFOPLIST_KEY_UILaunchScreen_Generation[sdk=iphoneos*]" = YES;
				"INFOPLIST_KEY_UILaunchScreen_Generation[sdk=iphonesimulator*]" = YES;
				"INFOPLIST_KEY_UIStatusBarStyle[sdk=iphoneos*]" = UIStatusBarStyleDefault;
				"INFOPLIST_KEY_UIStatusBarStyle[sdk=iphonesimulator*]" = UIStatusBarStyleDefault;
				INFOPLIST_KEY_UISupportedInterfaceOrientations_iPad = "UIInterfaceOrientationPortrait UIInterfaceOrientationPortraitUpsideDown UIInterfaceOrientationLandscapeLeft UIInterfaceOrientationLandscapeRight";
				INFOPLIST_KEY_UISupportedInterfaceOrientations_iPhone = "UIInterfaceOrientationPortrait UIInterfaceOrientationLandscapeLeft UIInterfaceOrientationLandscapeRight";
				IPHONEOS_DEPLOYMENT_TARGET = 17.2;
				LD_RUNPATH_SEARCH_PATHS = "@executable_path/Frameworks";
				"LD_RUNPATH_SEARCH_PATHS[sdk=macosx*]" = "@executable_path/../Frameworks";
				MACOSX_DEPLOYMENT_TARGET = 14.2;
				MARKETING_VERSION = 1.0;
				PRODUCT_BUNDLE_IDENTIFIER = Miaozhelin.ChineseNameSugg;
				PRODUCT_NAME = "$(TARGET_NAME)";
				SDKROOT = auto;
				SUPPORTED_PLATFORMS = "iphoneos iphonesimulator macosx";
				SWIFT_EMIT_LOC_STRINGS = YES;
				SWIFT_VERSION = 5.0;
				TARGETED_DEVICE_FAMILY = "1,2";
			};
			name = Release;
		};
		2B255C092D5FC18C00E6C1B3 /* Debug */ = {
			isa = XCBuildConfiguration;
			buildSettings = {
				ALWAYS_EMBED_SWIFT_STANDARD_LIBRARIES = YES;
				BUNDLE_LOADER = "$(TEST_HOST)";
				CODE_SIGN_STYLE = Automatic;
				CURRENT_PROJECT_VERSION = 1;
				DEVELOPMENT_TEAM = SM6LTK3255;
				GENERATE_INFOPLIST_FILE = YES;
				IPHONEOS_DEPLOYMENT_TARGET = 17.2;
				MACOSX_DEPLOYMENT_TARGET = 14.2;
				MARKETING_VERSION = 1.0;
				PRODUCT_BUNDLE_IDENTIFIER = Miaozhelin.ChineseNameSuggTests;
				PRODUCT_NAME = "$(TARGET_NAME)";
				SDKROOT = auto;
				SUPPORTED_PLATFORMS = "iphoneos iphonesimulator macosx";
				SWIFT_EMIT_LOC_STRINGS = NO;
				SWIFT_VERSION = 5.0;
				TARGETED_DEVICE_FAMILY = "1,2";
				TEST_HOST = "$(BUILT_PRODUCTS_DIR)/ChineseNameSugg.app/$(BUNDLE_EXECUTABLE_FOLDER_PATH)/ChineseNameSugg";
			};
			name = Debug;
		};
		2B255C0A2D5FC18C00E6C1B3 /* Release */ = {
			isa = XCBuildConfiguration;
			buildSettings = {
				ALWAYS_EMBED_SWIFT_STANDARD_LIBRARIES = YES;
				BUNDLE_LOADER = "$(TEST_HOST)";
				CODE_SIGN_STYLE = Automatic;
				CURRENT_PROJECT_VERSION = 1;
				DEVELOPMENT_TEAM = SM6LTK3255;
				GENERATE_INFOPLIST_FILE = YES;
				IPHONEOS_DEPLOYMENT_TARGET = 17.2;
				MACOSX_DEPLOYMENT_TARGET = 14.2;
				MARKETING_VERSION = 1.0;
				PRODUCT_BUNDLE_IDENTIFIER = Miaozhelin.ChineseNameSuggTests;
				PRODUCT_NAME = "$(TARGET_NAME)";
				SDKROOT = auto;
				SUPPORTED_PLATFORMS = "iphoneos iphonesimulator macosx";
				SWIFT_EMIT_LOC_STRINGS = NO;
				SWIFT_VERSION = 5.0;
				TARGETED_DEVICE_FAMILY = "1,2";
				TEST_HOST = "$(BUILT_PRODUCTS_DIR)/ChineseNameSugg.app/$(BUNDLE_EXECUTABLE_FOLDER_PATH)/ChineseNameSugg";
			};
			name = Release;
		};
		2B255C0C2D5FC18C00E6C1B3 /* Debug */ = {
			isa = XCBuildConfiguration;
			buildSettings = {
				ALWAYS_EMBED_SWIFT_STANDARD_LIBRARIES = YES;
				CODE_SIGN_STYLE = Automatic;
				CURRENT_PROJECT_VERSION = 1;
				DEVELOPMENT_TEAM = SM6LTK3255;
				GENERATE_INFOPLIST_FILE = YES;
				IPHONEOS_DEPLOYMENT_TARGET = 17.2;
				MACOSX_DEPLOYMENT_TARGET = 14.2;
				MARKETING_VERSION = 1.0;
				PRODUCT_BUNDLE_IDENTIFIER = Miaozhelin.ChineseNameSuggUITests;
				PRODUCT_NAME = "$(TARGET_NAME)";
				SDKROOT = auto;
				SUPPORTED_PLATFORMS = "iphoneos iphonesimulator macosx";
				SWIFT_EMIT_LOC_STRINGS = NO;
				SWIFT_VERSION = 5.0;
				TARGETED_DEVICE_FAMILY = "1,2";
				TEST_TARGET_NAME = ChineseNameSugg;
			};
			name = Debug;
		};
		2B255C0D2D5FC18C00E6C1B3 /* Release */ = {
			isa = XCBuildConfiguration;
			buildSettings = {
				ALWAYS_EMBED_SWIFT_STANDARD_LIBRARIES = YES;
				CODE_SIGN_STYLE = Automatic;
				CURRENT_PROJECT_VERSION = 1;
				DEVELOPMENT_TEAM = SM6LTK3255;
				GENERATE_INFOPLIST_FILE = YES;
				IPHONEOS_DEPLOYMENT_TARGET = 17.2;
				MACOSX_DEPLOYMENT_TARGET = 14.2;
				MARKETING_VERSION = 1.0;
				PRODUCT_BUNDLE_IDENTIFIER = Miaozhelin.ChineseNameSuggUITests;
				PRODUCT_NAME = "$(TARGET_NAME)";
				SDKROOT = auto;
				SUPPORTED_PLATFORMS = "iphoneos iphonesimulator macosx";
				SWIFT_EMIT_LOC_STRINGS = NO;
				SWIFT_VERSION = 5.0;
				TARGETED_DEVICE_FAMILY = "1,2";
				TEST_TARGET_NAME = ChineseNameSugg;
			};
			name = Release;
		};
/* End XCBuildConfiguration section */

/* Begin XCConfigurationList section */
		2B255BD62D5FC18900E6C1B3 /* Build configuration list for PBXProject "ChineseNameSugg" */ = {
			isa = XCConfigurationList;
			buildConfigurations = (
				2B255C032D5FC18C00E6C1B3 /* Debug */,
				2B255C042D5FC18C00E6C1B3 /* Release */,
			);
			defaultConfigurationIsVisible = 0;
			defaultConfigurationName = Release;
		};
		2B255C052D5FC18C00E6C1B3 /* Build configuration list for PBXNativeTarget "ChineseNameSugg" */ = {
			isa = XCConfigurationList;
			buildConfigurations = (
				2B255C062D5FC18C00E6C1B3 /* Debug */,
				2B255C072D5FC18C00E6C1B3 /* Release */,
			);
			defaultConfigurationIsVisible = 0;
			defaultConfigurationName = Release;
		};
		2B255C082D5FC18C00E6C1B3 /* Build configuration list for PBXNativeTarget "ChineseNameSuggTests" */ = {
			isa = XCConfigurationList;
			buildConfigurations = (
				2B255C092D5FC18C00E6C1B3 /* Debug */,
				2B255C0A2D5FC18C00E6C1B3 /* Release */,
			);
			defaultConfigurationIsVisible = 0;
			defaultConfigurationName = Release;
		};
		2B255C0B2D5FC18C00E6C1B3 /* Build configuration list for PBXNativeTarget "ChineseNameSuggUITests" */ = {
			isa = XCConfigurationList;
			buildConfigurations = (
				2B255C0C2D5FC18C00E6C1B3 /* Debug */,
				2B255C0D2D5FC18C00E6C1B3 /* Release */,
			);
			defaultConfigurationIsVisible = 0;
			defaultConfigurationName = Release;
		};
/* End XCConfigurationList section */

/* Begin XCVersionGroup section */
		2B255BE22D5FC18900E6C1B3 /* ChineseNameSugg.xcdatamodeld */ = {
			isa = XCVersionGroup;
			children = (
				2B255BE32D5FC18900E6C1B3 /* ChineseNameSugg.xcdatamodel */,
			);
			currentVersion = 2B255BE32D5FC18900E6C1B3 /* ChineseNameSugg.xcdatamodel */;
			path = ChineseNameSugg.xcdatamodeld;
			sourceTree = "<group>";
			versionGroupType = wrapper.xcdatamodel;
		};
/* End XCVersionGroup section */
	};
	rootObject = 2B255BD32D5FC18900E6C1B3 /* Project object */;
}
